
Microsoft Visual Studio Solution File, Format Version 12.00
# Visual Studio Version 17
VisualStudioVersion = 17.3.32804.467
MinimumVisualStudioVersion = 10.0.40219.1
Project("{FAE04EC0-301F-11D3-BF4B-00C04F79EFBC}") = "MarketPointApi", "MarketPointApi\MarketPointApi.csproj", "{105C135C-B6DF-468A-B3A4-1DBE713DBDAD}"
EndProject
Global
	GlobalSection(SolutionConfigurationPlatforms) = preSolution
		Debug|Any CPU = Debug|Any CPU
		Release|Any CPU = Release|Any CPU
	EndGlobalSection
	GlobalSection(ProjectConfigurationPlatforms) = postSolution
		{105C135C-B6DF-468A-B3A4-1DBE713DBDAD}.Debug|Any CPU.ActiveCfg = Debug|Any CPU
		{105C135C-B6DF-468A-B3A4-1DBE713DBDAD}.Debug|Any CPU.Build.0 = Debug|Any CPU
		{105C135C-B6DF-468A-B3A4-1DBE713DBDAD}.Release|Any CPU.ActiveCfg = Release|Any CPU
		{105C135C-B6DF-468A-B3A4-1DBE713DBDAD}.Release|Any CPU.Build.0 = Release|Any CPU
	EndGlobalSection
	GlobalSection(SolutionProperties) = preSolution
		HideSolutionNode = FALSE
	EndGlobalSection
	GlobalSection(ExtensibilityGlobals) = postSolution
		SolutionGuid = {AC94DBD2-0AB6-4E04-9824-4E7957818058}
	EndGlobalSection
EndGlobal
